
Microsoft Visual Studio Solution File, Format Version 12.00
# Visual Studio Version 16
VisualStudioVersion = 16.0.30204.135
MinimumVisualStudioVersion = 10.0.40219.1
Project("{FAE04EC0-301F-11D3-BF4B-00C04F79EFBC}") = "iPAS.ReportService.API", "iPAS.ReportService.API\iPAS.ReportService.API.csproj", "{AEE4F841-3A79-47A7-8319-B0EEFDBB3839}"
EndProject
Global
	GlobalSection(SolutionConfigurationPlatforms) = preSolution
		Debug|Any CPU = Debug|Any CPU
		Release|Any CPU = Release|Any CPU
	EndGlobalSection
	GlobalSection(ProjectConfigurationPlatforms) = postSolution
		{7055AC33-2BEF-46EF-825A-CD8472004D51}.Debug|Any CPU.ActiveCfg = Debug|Any CPU
		{7055AC33-2BEF-46EF-825A-CD8472004D51}.Debug|Any CPU.Build.0 = Debug|Any CPU
		{7055AC33-2BEF-46EF-825A-CD8472004D51}.Release|Any CPU.ActiveCfg = Release|Any CPU
		{7055AC33-2BEF-46EF-825A-CD8472004D51}.Release|Any CPU.Build.0 = Release|Any CPU
		{AEE4F841-3A79-47A7-8319-B0EEFDBB3839}.Debug|Any CPU.ActiveCfg = Debug|Any CPU
		{AEE4F841-3A79-47A7-8319-B0EEFDBB3839}.Debug|Any CPU.Build.0 = Debug|Any CPU
		{AEE4F841-3A79-47A7-8319-B0EEFDBB3839}.Release|Any CPU.ActiveCfg = Release|Any CPU
		{AEE4F841-3A79-47A7-8319-B0EEFDBB3839}.Release|Any CPU.Build.0 = Release|Any CPU
	EndGlobalSection
	GlobalSection(SolutionProperties) = preSolution
		HideSolutionNode = FALSE
	EndGlobalSection
	GlobalSection(ExtensibilityGlobals) = postSolution
		SolutionGuid = {DEDAD0FD-4CD1-47DE-A7ED-D8B355E946E9}
	EndGlobalSection
EndGlobal
